// !$*UTF8*$!
{
	archiveVersion = 1;
	classes = {
	};
	objectVersion = 46;
	objects = {

/* Begin PBXBuildFile section */
		FB15482E1624BE4600C1FEF7 /* UIKit.framework in Frameworks */ = {isa = PBXBuildFile; fileRef = FB15482D1624BE4600C1FEF7 /* UIKit.framework */; };
		FB1548301624BE4600C1FEF7 /* Foundation.framework in Frameworks */ = {isa = PBXBuildFile; fileRef = FB15482F1624BE4600C1FEF7 /* Foundation.framework */; };
		FB1548321624BE4600C1FEF7 /* CoreGraphics.framework in Frameworks */ = {isa = PBXBuildFile; fileRef = FB1548311624BE4600C1FEF7 /* CoreGraphics.framework */; };
		FB1548381624BE4600C1FEF7 /* InfoPlist.strings in Resources */ = {isa = PBXBuildFile; fileRef = FB1548361624BE4600C1FEF7 /* InfoPlist.strings */; };
		FB15483A1624BE4600C1FEF7 /* main.m in Sources */ = {isa = PBXBuildFile; fileRef = FB1548391624BE4600C1FEF7 /* main.m */; };
		FB15483E1624BE4600C1FEF7 /* CalculatorAppDelegate.m in Sources */ = {isa = PBXBuildFile; fileRef = FB15483D1624BE4600C1FEF7 /* CalculatorAppDelegate.m */; };
		FB1548401624BE4600C1FEF7 /* Default.png in Resources */ = {isa = PBXBuildFile; fileRef = FB15483F1624BE4600C1FEF7 /* Default.png */; };
		FB1548421624BE4600C1FEF7 /* Default@2x.png in Resources */ = {isa = PBXBuildFile; fileRef = FB1548411624BE4600C1FEF7 /* Default@2x.png */; };
		FB1548441624BE4600C1FEF7 /* Default-568h@2x.png in Resources */ = {isa = PBXBuildFile; fileRef = FB1548431624BE4600C1FEF7 /* Default-568h@2x.png */; };
		FB1548471624BE4600C1FEF7 /* MainStoryboard.storyboard in Resources */ = {isa = PBXBuildFile; fileRef = FB1548451624BE4600C1FEF7 /* MainStoryboard.storyboard */; };
		FB15484A1624BE4600C1FEF7 /* CalculatorViewController.m in Sources */ = {isa = PBXBuildFile; fileRef = FB1548491624BE4600C1FEF7 /* CalculatorViewController.m */; };
		FBCCAC9C16261EEE00D809A3 /* CalculatorBrain.m in Sources */ = {isa = PBXBuildFile; fileRef = FBCCAC9B16261EEE00D809A3 /* CalculatorBrain.m */; };
/* End PBXBuildFile section */

/* Begin PBXFileReference section */
		FB1548291624BE4600C1FEF7 /* Calculator.app */ = {isa = PBXFileReference; explicitFileType = wrapper.application; includeInIndex = 0; path = Calculator.app; sourceTree = BUILT_PRODUCTS_DIR; };
		FB15482D1624BE4600C1FEF7 /* UIKit.framework */ = {isa = PBXFileReference; lastKnownFileType = wrapper.framework; name = UIKit.framework; path = System/Library/Frameworks/UIKit.framework; sourceTree = SDKROOT; };
		FB15482F1624BE4600C1FEF7 /* Foundation.framework */ = {isa = PBXFileReference; lastKnownFileType = wrapper.framework; name = Foundation.framework; path = System/Library/Frameworks/Foundation.framework; sourceTree = SDKROOT; };
		FB1548311624BE4600C1FEF7 /* CoreGraphics.framework */ = {isa = PBXFileReference; lastKnownFileType = wrapper.framework; name = CoreGraphics.framework; path = System/Library/Frameworks/CoreGraphics.framework; sourceTree = SDKROOT; };
		FB1548351624BE4600C1FEF7 /* Calculator-Info.plist */ = {isa = PBXFileReference; lastKnownFileType = text.plist.xml; path = "Calculator-Info.plist"; sourceTree = "<group>"; };
		FB1548371624BE4600C1FEF7 /* en */ = {isa = PBXFileReference; lastKnownFileType = text.plist.strings; name = en; path = en.lproj/InfoPlist.strings; sourceTree = "<group>"; };
		FB1548391624BE4600C1FEF7 /* main.m */ = {isa = PBXFileReference; lastKnownFileType = sourcecode.c.objc; path = main.m; sourceTree = "<group>"; };
		FB15483B1624BE4600C1FEF7 /* Calculator-Prefix.pch */ = {isa = PBXFileReference; lastKnownFileType = sourcecode.c.h; path = "Calculator-Prefix.pch"; sourceTree = "<group>"; };
		FB15483C1624BE4600C1FEF7 /* CalculatorAppDelegate.h */ = {isa = PBXFileReference; lastKnownFileType = sourcecode.c.h; path = CalculatorAppDelegate.h; sourceTree = "<group>"; };
		FB15483D1624BE4600C1FEF7 /* CalculatorAppDelegate.m */ = {isa = PBXFileReference; lastKnownFileType = sourcecode.c.objc; path = CalculatorAppDelegate.m; sourceTree = "<group>"; };
		FB15483F1624BE4600C1FEF7 /* Default.png */ = {isa = PBXFileReference; lastKnownFileType = image.png; path = Default.png; sourceTree = "<group>"; };
		FB1548411624BE4600C1FEF7 /* Default@2x.png */ = {isa = PBXFileReference; lastKnownFileType = image.png; path = "Default@2x.png"; sourceTree = "<group>"; };
		FB1548431624BE4600C1FEF7 /* Default-568h@2x.png */ = {isa = PBXFileReference; lastKnownFileType = image.png; path = "Default-568h@2x.png"; sourceTree = "<group>"; };
		FB1548461624BE4600C1FEF7 /* en */ = {isa = PBXFileReference; lastKnownFileType = file.storyboard; name = en; path = en.lproj/MainStoryboard.storyboard; sourceTree = "<group>"; };
		FB1548481624BE4600C1FEF7 /* CalculatorViewController.h */ = {isa = PBXFileReference; lastKnownFileType = sourcecode.c.h; path = CalculatorViewController.h; sourceTree = "<group>"; };
		FB1548491624BE4600C1FEF7 /* CalculatorViewController.m */ = {isa = PBXFileReference; lastKnownFileType = sourcecode.c.objc; path = CalculatorViewController.m; sourceTree = "<group>"; };
		FBCCAC9A16261EEE00D809A3 /* CalculatorBrain.h */ = {isa = PBXFileReference; fileEncoding = 4; lastKnownFileType = sourcecode.c.h; path = CalculatorBrain.h; sourceTree = "<group>"; };
		FBCCAC9B16261EEE00D809A3 /* CalculatorBrain.m */ = {isa = PBXFileReference; fileEncoding = 4; lastKnownFileType = sourcecode.c.objc; path = CalculatorBrain.m; sourceTree = "<group>"; };
/* End PBXFileReference section */

/* Begin PBXFrameworksBuildPhase section */
		FB1548261624BE4600C1FEF7 /* Frameworks */ = {
			isa = PBXFrameworksBuildPhase;
			buildActionMask = 2147483647;
			files = (
				FB15482E1624BE4600C1FEF7 /* UIKit.framework in Frameworks */,
				FB1548301624BE4600C1FEF7 /* Foundation.framework in Frameworks */,
				FB1548321624BE4600C1FEF7 /* CoreGraphics.framework in Frameworks */,
			);
			runOnlyForDeploymentPostprocessing = 0;
		};
/* End PBXFrameworksBuildPhase section */

/* Begin PBXGroup section */
		FB15481E1624BE4600C1FEF7 = {
			isa = PBXGroup;
			children = (
				FB1548331624BE4600C1FEF7 /* Calculator */,
				FB15482C1624BE4600C1FEF7 /* Frameworks */,
				FB15482A1624BE4600C1FEF7 /* Products */,
			);
			sourceTree = "<group>";
		};
		FB15482A1624BE4600C1FEF7 /* Products */ = {
			isa = PBXGroup;
			children = (
				FB1548291624BE4600C1FEF7 /* Calculator.app */,
			);
			name = Products;
			sourceTree = "<group>";
		};
		FB15482C1624BE4600C1FEF7 /* Frameworks */ = {
			isa = PBXGroup;
			children = (
				FB15482D1624BE4600C1FEF7 /* UIKit.framework */,
				FB15482F1624BE4600C1FEF7 /* Foundation.framework */,
				FB1548311624BE4600C1FEF7 /* CoreGraphics.framework */,
			);
			name = Frameworks;
			sourceTree = "<group>";
		};
		FB1548331624BE4600C1FEF7 /* Calculator */ = {
			isa = PBXGroup;
			children = (
				FB15483C1624BE4600C1FEF7 /* CalculatorAppDelegate.h */,
				FB15483D1624BE4600C1FEF7 /* CalculatorAppDelegate.m */,
				FBCCAC9A16261EEE00D809A3 /* CalculatorBrain.h */,
				FBCCAC9B16261EEE00D809A3 /* CalculatorBrain.m */,
				FB1548451624BE4600C1FEF7 /* MainStoryboard.storyboard */,
				FB1548481624BE4600C1FEF7 /* CalculatorViewController.h */,
				FB1548491624BE4600C1FEF7 /* CalculatorViewController.m */,
				FB1548341624BE4600C1FEF7 /* Supporting Files */,
			);
			path = Calculator;
			sourceTree = "<group>";
		};
		FB1548341624BE4600C1FEF7 /* Supporting Files */ = {
			isa = PBXGroup;
			children = (
				FB1548351624BE4600C1FEF7 /* Calculator-Info.plist */,
				FB1548361624BE4600C1FEF7 /* InfoPlist.strings */,
				FB1548391624BE4600C1FEF7 /* main.m */,
				FB15483B1624BE4600C1FEF7 /* Calculator-Prefix.pch */,
				FB15483F1624BE4600C1FEF7 /* Default.png */,
				FB1548411624BE4600C1FEF7 /* Default@2x.png */,
				FB1548431624BE4600C1FEF7 /* Default-568h@2x.png */,
			);
			name = "Supporting Files";
			sourceTree = "<group>";
		};
/* End PBXGroup section */

/* Begin PBXNativeTarget section */
		FB1548281624BE4600C1FEF7 /* Calculator */ = {
			isa = PBXNativeTarget;
			buildConfigurationList = FB15484D1624BE4600C1FEF7 /* Build configuration list for PBXNativeTarget "Calculator" */;
			buildPhases = (
				FB1548251624BE4600C1FEF7 /* Sources */,
				FB1548261624BE4600C1FEF7 /* Frameworks */,
				FB1548271624BE4600C1FEF7 /* Resources */,
			);
			buildRules = (
			);
			dependencies = (
			);
			name = Calculator;
			productName = Calculator;
			productReference = FB1548291624BE4600C1FEF7 /* Calculator.app */;
			productType = "com.apple.product-type.application";
		};
/* End PBXNativeTarget section */

/* Begin PBXProject section */
		FB1548201624BE4600C1FEF7 /* Project object */ = {
			isa = PBXProject;
			attributes = {
				CLASSPREFIX = Calculator;
				LastUpgradeCheck = 0450;
				ORGANIZATIONNAME = "Brian Kedzorski";
			};
			buildConfigurationList = FB1548231624BE4600C1FEF7 /* Build configuration list for PBXProject "Calculator" */;
			compatibilityVersion = "Xcode 3.2";
			developmentRegion = English;
			hasScannedForEncodings = 0;
			knownRegions = (
				en,
			);
			mainGroup = FB15481E1624BE4600C1FEF7;
			productRefGroup = FB15482A1624BE4600C1FEF7 /* Products */;
			projectDirPath = "";
			projectRoot = "";
			targets = (
				FB1548281624BE4600C1FEF7 /* Calculator */,
			);
		};
/* End PBXProject section */

/* Begin PBXResourcesBuildPhase section */
		FB1548271624BE4600C1FEF7 /* Resources */ = {
			isa = PBXResourcesBuildPhase;
			buildActionMask = 2147483647;
			files = (
				FB1548381624BE4600C1FEF7 /* InfoPlist.strings in Resources */,
				FB1548401624BE4600C1FEF7 /* Default.png in Resources */,
				FB1548421624BE4600C1FEF7 /* Default@2x.png in Resources */,
				FB1548441624BE4600C1FEF7 /* Default-568h@2x.png in Resources */,
				FB1548471624BE4600C1FEF7 /* MainStoryboard.storyboard in Resources */,
			);
			runOnlyForDeploymentPostprocessing = 0;
		};
/* End PBXResourcesBuildPhase section */

/* Begin PBXSourcesBuildPhase section */
		FB1548251624BE4600C1FEF7 /* Sources */ = {
			isa = PBXSourcesBuildPhase;
			buildActionMask = 2147483647;
			files = (
				FB15483A1624BE4600C1FEF7 /* main.m in Sources */,
				FB15483E1624BE4600C1FEF7 /* CalculatorAppDelegate.m in Sources */,
				FB15484A1624BE4600C1FEF7 /* CalculatorViewController.m in Sources */,
				FBCCAC9C16261EEE00D809A3 /* CalculatorBrain.m in Sources */,
			);
			runOnlyForDeploymentPostprocessing = 0;
		};
/* End PBXSourcesBuildPhase section */

/* Begin PBXVariantGroup section */
		FB1548361624BE4600C1FEF7 /* InfoPlist.strings */ = {
			isa = PBXVariantGroup;
			children = (
				FB1548371624BE4600C1FEF7 /* en */,
			);
			name = InfoPlist.strings;
			sourceTree = "<group>";
		};
		FB1548451624BE4600C1FEF7 /* MainStoryboard.storyboard */ = {
			isa = PBXVariantGroup;
			children = (
				FB1548461624BE4600C1FEF7 /* en */,
			);
			name = MainStoryboard.storyboard;
			sourceTree = "<group>";
		};
/* End PBXVariantGroup section */

/* Begin XCBuildConfiguration section */
		FB15484B1624BE4600C1FEF7 /* Debug */ = {
			isa = XCBuildConfiguration;
			buildSettings = {
				ALWAYS_SEARCH_USER_PATHS = NO;
				CLANG_CXX_LANGUAGE_STANDARD = "gnu++0x";
				CLANG_CXX_LIBRARY = "libc++";
				CLANG_ENABLE_OBJC_ARC = YES;
				CLANG_WARN_EMPTY_BODY = YES;
				CLANG_WARN__DUPLICATE_METHOD_MATCH = YES;
				"CODE_SIGN_IDENTITY[sdk=iphoneos*]" = "iPhone Developer";
				COPY_PHASE_STRIP = NO;
				GCC_C_LANGUAGE_STANDARD = gnu99;
				GCC_DYNAMIC_NO_PIC = NO;
				GCC_OPTIMIZATION_LEVEL = 0;
				GCC_PREPROCESSOR_DEFINITIONS = (
					"DEBUG=1",
					"$(inherited)",
				);
				GCC_SYMBOLS_PRIVATE_EXTERN = NO;
				GCC_WARN_ABOUT_RETURN_TYPE = YES;
				GCC_WARN_UNINITIALIZED_AUTOS = YES;
				GCC_WARN_UNUSED_VARIABLE = YES;
				IPHONEOS_DEPLOYMENT_TARGET = 6.0;
				SDKROOT = iphoneos;
			};
			name = Debug;
		};
		FB15484C1624BE4600C1FEF7 /* Release */ = {
			isa = XCBuildConfiguration;
			buildSettings = {
				ALWAYS_SEARCH_USER_PATHS = NO;
				CLANG_CXX_LANGUAGE_STANDARD = "gnu++0x";
				CLANG_CXX_LIBRARY = "libc++";
				CLANG_ENABLE_OBJC_ARC = YES;
				CLANG_WARN_EMPTY_BODY = YES;
				CLANG_WARN__DUPLICATE_METHOD_MATCH = YES;
				"CODE_SIGN_IDENTITY[sdk=iphoneos*]" = "iPhone Developer";
				COPY_PHASE_STRIP = YES;
				GCC_C_LANGUAGE_STANDARD = gnu99;
				GCC_WARN_ABOUT_RETURN_TYPE = YES;
				GCC_WARN_UNINITIALIZED_AUTOS = YES;
				GCC_WARN_UNUSED_VARIABLE = YES;
				IPHONEOS_DEPLOYMENT_TARGET = 6.0;
				OTHER_CFLAGS = "-DNS_BLOCK_ASSERTIONS=1";
				SDKROOT = iphoneos;
				VALIDATE_PRODUCT = YES;
			};
			name = Release;
		};
		FB15484E1624BE4600C1FEF7 /* Debug */ = {
			isa = XCBuildConfiguration;
			buildSettings = {
				GCC_PRECOMPILE_PREFIX_HEADER = YES;
				GCC_PREFIX_HEADER = "Calculator/Calculator-Prefix.pch";
				INFOPLIST_FILE = "Calculator/Calculator-Info.plist";
				PRODUCT_NAME = "$(TARGET_NAME)";
				WRAPPER_EXTENSION = app;
			};
			name = Debug;
		};
		FB15484F1624BE4600C1FEF7 /* Release */ = {
			isa = XCBuildConfiguration;
			buildSettings = {
				GCC_PRECOMPILE_PREFIX_HEADER = YES;
				GCC_PREFIX_HEADER = "Calculator/Calculator-Prefix.pch";
				INFOPLIST_FILE = "Calculator/Calculator-Info.plist";
				PRODUCT_NAME = "$(TARGET_NAME)";
				WRAPPER_EXTENSION = app;
			};
			name = Release;
		};
/* End XCBuildConfiguration section */

/* Begin XCConfigurationList section */
		FB1548231624BE4600C1FEF7 /* Build configuration list for PBXProject "Calculator" */ = {
			isa = XCConfigurationList;
			buildConfigurations = (
				FB15484B1624BE4600C1FEF7 /* Debug */,
				FB15484C1624BE4600C1FEF7 /* Release */,
			);
			defaultConfigurationIsVisible = 0;
			defaultConfigurationName = Release;
		};
		FB15484D1624BE4600C1FEF7 /* Build configuration list for PBXNativeTarget "Calculator" */ = {
			isa = XCConfigurationList;
			buildConfigurations = (
				FB15484E1624BE4600C1FEF7 /* Debug */,
				FB15484F1624BE4600C1FEF7 /* Release */,
			);
			defaultConfigurationIsVisible = 0;
			defaultConfigurationName = Release;
		};
/* End XCConfigurationList section */
	};
	rootObject = FB1548201624BE4600C1FEF7 /* Project object */;
}
